// !$*UTF8*$!
{
	archiveVersion = 1;
	classes = {
	};
	objectVersion = 46;
	objects = {

/* Begin PBXBuildFile section */
		9FD8E9991B4266EF00AA5C04 /* main.cpp in Sources */ = {isa = PBXBuildFile; fileRef = 9FD8E9981B4266EF00AA5C04 /* main.cpp */; };
		9FD8E9A01B42698700AA5C04 /* emu.cpp in Sources */ = {isa = PBXBuildFile; fileRef = 9FD8E99F1B42698600AA5C04 /* emu.cpp */; };
		9FEB71231B5B48C600F3A821 /* readme.md in Sources */ = {isa = PBXBuildFile; fileRef = 9FEB71221B5B48C600F3A821 /* readme.md */; };
/* End PBXBuildFile section */

/* Begin PBXCopyFilesBuildPhase section */
		9FD8E9931B4266EF00AA5C04 /* CopyFiles */ = {
			isa = PBXCopyFilesBuildPhase;
			buildActionMask = 2147483647;
			dstPath = /usr/share/man/man1/;
			dstSubfolderSpec = 0;
			files = (
			);
			runOnlyForDeploymentPostprocessing = 1;
		};
/* End PBXCopyFilesBuildPhase section */

/* Begin PBXFileReference section */
		9FD8E9951B4266EF00AA5C04 /* Emu */ = {isa = PBXFileReference; explicitFileType = "compiled.mach-o.executable"; includeInIndex = 0; path = Emu; sourceTree = BUILT_PRODUCTS_DIR; };
		9FD8E9981B4266EF00AA5C04 /* main.cpp */ = {isa = PBXFileReference; lastKnownFileType = sourcecode.cpp.cpp; path = main.cpp; sourceTree = "<group>"; };
		9FD8E99F1B42698600AA5C04 /* emu.cpp */ = {isa = PBXFileReference; fileEncoding = 4; lastKnownFileType = sourcecode.cpp.cpp; path = emu.cpp; sourceTree = "<group>"; };
		9FD8E9A11B42699400AA5C04 /* emu.hpp */ = {isa = PBXFileReference; fileEncoding = 4; lastKnownFileType = sourcecode.cpp.h; path = emu.hpp; sourceTree = "<group>"; };
		9FEB71221B5B48C600F3A821 /* readme.md */ = {isa = PBXFileReference; fileEncoding = 4; lastKnownFileType = net.daringfireball.markdown; path = readme.md; sourceTree = "<group>"; };
/* End PBXFileReference section */

/* Begin PBXFrameworksBuildPhase section */
		9FD8E9921B4266EF00AA5C04 /* Frameworks */ = {
			isa = PBXFrameworksBuildPhase;
			buildActionMask = 2147483647;
			files = (
			);
			runOnlyForDeploymentPostprocessing = 0;
		};
/* End PBXFrameworksBuildPhase section */

/* Begin PBXGroup section */
		9FD8E98C1B4266EF00AA5C04 = {
			isa = PBXGroup;
			children = (
				9FEB71221B5B48C600F3A821 /* readme.md */,
				9FD8E9971B4266EF00AA5C04 /* Emu */,
				9FD8E9961B4266EF00AA5C04 /* Products */,
			);
			sourceTree = "<group>";
		};
		9FD8E9961B4266EF00AA5C04 /* Products */ = {
			isa = PBXGroup;
			children = (
				9FD8E9951B4266EF00AA5C04 /* Emu */,
			);
			name = Products;
			sourceTree = "<group>";
		};
		9FD8E9971B4266EF00AA5C04 /* Emu */ = {
			isa = PBXGroup;
			children = (
				9FD8E9981B4266EF00AA5C04 /* main.cpp */,
				9FD8E99F1B42698600AA5C04 /* emu.cpp */,
				9FD8E9A11B42699400AA5C04 /* emu.hpp */,
			);
			path = Emu;
			sourceTree = "<group>";
		};
/* End PBXGroup section */

/* Begin PBXNativeTarget section */
		9FD8E9941B4266EF00AA5C04 /* Emu */ = {
			isa = PBXNativeTarget;
			buildConfigurationList = 9FD8E99C1B4266EF00AA5C04 /* Build configuration list for PBXNativeTarget "Emu" */;
			buildPhases = (
				9FD8E9911B4266EF00AA5C04 /* Sources */,
				9FD8E9921B4266EF00AA5C04 /* Frameworks */,
				9FD8E9931B4266EF00AA5C04 /* CopyFiles */,
			);
			buildRules = (
			);
			dependencies = (
			);
			name = Emu;
			productName = Emu;
			productReference = 9FD8E9951B4266EF00AA5C04 /* Emu */;
			productType = "com.apple.product-type.tool";
		};
/* End PBXNativeTarget section */

/* Begin PBXProject section */
		9FD8E98D1B4266EF00AA5C04 /* Project object */ = {
			isa = PBXProject;
			attributes = {
				LastUpgradeCheck = 0620;
				ORGANIZATIONNAME = "Sergio Mancera";
				TargetAttributes = {
					9FD8E9941B4266EF00AA5C04 = {
						CreatedOnToolsVersion = 6.2;
					};
				};
			};
			buildConfigurationList = 9FD8E9901B4266EF00AA5C04 /* Build configuration list for PBXProject "Emu" */;
			compatibilityVersion = "Xcode 3.2";
			developmentRegion = English;
			hasScannedForEncodings = 0;
			knownRegions = (
				en,
			);
			mainGroup = 9FD8E98C1B4266EF00AA5C04;
			productRefGroup = 9FD8E9961B4266EF00AA5C04 /* Products */;
			projectDirPath = "";
			projectRoot = "";
			targets = (
				9FD8E9941B4266EF00AA5C04 /* Emu */,
			);
		};
/* End PBXProject section */

/* Begin PBXSourcesBuildPhase section */
		9FD8E9911B4266EF00AA5C04 /* Sources */ = {
			isa = PBXSourcesBuildPhase;
			buildActionMask = 2147483647;
			files = (
				9FD8E9991B4266EF00AA5C04 /* main.cpp in Sources */,
				9FEB71231B5B48C600F3A821 /* readme.md in Sources */,
				9FD8E9A01B42698700AA5C04 /* emu.cpp in Sources */,
			);
			runOnlyForDeploymentPostprocessing = 0;
		};
/* End PBXSourcesBuildPhase section */

/* Begin XCBuildConfiguration section */
		9FD8E99A1B4266EF00AA5C04 /* Debug */ = {
			isa = XCBuildConfiguration;
			buildSettings = {
				ALWAYS_SEARCH_USER_PATHS = NO;
				CLANG_CXX_LANGUAGE_STANDARD = "gnu++0x";
				CLANG_CXX_LIBRARY = "libc++";
				CLANG_ENABLE_MODULES = YES;
				CLANG_ENABLE_OBJC_ARC = YES;
				CLANG_WARN_BOOL_CONVERSION = YES;
				CLANG_WARN_CONSTANT_CONVERSION = YES;
				CLANG_WARN_DIRECT_OBJC_ISA_USAGE = YES_ERROR;
				CLANG_WARN_EMPTY_BODY = YES;
				CLANG_WARN_ENUM_CONVERSION = YES;
				CLANG_WARN_INT_CONVERSION = YES;
				CLANG_WARN_OBJC_ROOT_CLASS = YES_ERROR;
				CLANG_WARN_UNREACHABLE_CODE = YES;
				CLANG_WARN__DUPLICATE_METHOD_MATCH = YES;
				COPY_PHASE_STRIP = NO;
				ENABLE_STRICT_OBJC_MSGSEND = YES;
				GCC_C_LANGUAGE_STANDARD = gnu99;
				GCC_DYNAMIC_NO_PIC = NO;
				GCC_OPTIMIZATION_LEVEL = 0;
				GCC_PREPROCESSOR_DEFINITIONS = (
					"DEBUG=1",
					"$(inherited)",
				);
				GCC_SYMBOLS_PRIVATE_EXTERN = NO;
				GCC_WARN_64_TO_32_BIT_CONVERSION = YES;
				GCC_WARN_ABOUT_RETURN_TYPE = YES_ERROR;
				GCC_WARN_UNDECLARED_SELECTOR = YES;
				GCC_WARN_UNINITIALIZED_AUTOS = YES_AGGRESSIVE;
				GCC_WARN_UNUSED_FUNCTION = YES;
				GCC_WARN_UNUSED_VARIABLE = YES;
				MACOSX_DEPLOYMENT_TARGET = 10.10;
				MTL_ENABLE_DEBUG_INFO = YES;
				ONLY_ACTIVE_ARCH = YES;
				SDKROOT = macosx;
			};
			name = Debug;
		};
		9FD8E99B1B4266EF00AA5C04 /* Release */ = {
			isa = XCBuildConfiguration;
			buildSettings = {
				ALWAYS_SEARCH_USER_PATHS = NO;
				CLANG_CXX_LANGUAGE_STANDARD = "gnu++0x";
				CLANG_CXX_LIBRARY = "libc++";
				CLANG_ENABLE_MODULES = YES;
				CLANG_ENABLE_OBJC_ARC = YES;
				CLANG_WARN_BOOL_CONVERSION = YES;
				CLANG_WARN_CONSTANT_CONVERSION = YES;
				CLANG_WARN_DIRECT_OBJC_ISA_USAGE = YES_ERROR;
				CLANG_WARN_EMPTY_BODY = YES;
				CLANG_WARN_ENUM_CONVERSION = YES;
				CLANG_WARN_INT_CONVERSION = YES;
				CLANG_WARN_OBJC_ROOT_CLASS = YES_ERROR;
				CLANG_WARN_UNREACHABLE_CODE = YES;
				CLANG_WARN__DUPLICATE_METHOD_MATCH = YES;
				COPY_PHASE_STRIP = NO;
				DEBUG_INFORMATION_FORMAT = "dwarf-with-dsym";
				ENABLE_NS_ASSERTIONS = NO;
				ENABLE_STRICT_OBJC_MSGSEND = YES;
				GCC_C_LANGUAGE_STANDARD = gnu99;
				GCC_WARN_64_TO_32_BIT_CONVERSION = YES;
				GCC_WARN_ABOUT_RETURN_TYPE = YES_ERROR;
				GCC_WARN_UNDECLARED_SELECTOR = YES;
				GCC_WARN_UNINITIALIZED_AUTOS = YES_AGGRESSIVE;
				GCC_WARN_UNUSED_FUNCTION = YES;
				GCC_WARN_UNUSED_VARIABLE = YES;
				MACOSX_DEPLOYMENT_TARGET = 10.10;
				MTL_ENABLE_DEBUG_INFO = NO;
				SDKROOT = macosx;
			};
			name = Release;
		};
		9FD8E99D1B4266EF00AA5C04 /* Debug */ = {
			isa = XCBuildConfiguration;
			buildSettings = {
				PRODUCT_NAME = "$(TARGET_NAME)";
			};
			name = Debug;
		};
		9FD8E99E1B4266EF00AA5C04 /* Release */ = {
			isa = XCBuildConfiguration;
			buildSettings = {
				PRODUCT_NAME = "$(TARGET_NAME)";
			};
			name = Release;
		};
/* End XCBuildConfiguration section */

/* Begin XCConfigurationList section */
		9FD8E9901B4266EF00AA5C04 /* Build configuration list for PBXProject "Emu" */ = {
			isa = XCConfigurationList;
			buildConfigurations = (
				9FD8E99A1B4266EF00AA5C04 /* Debug */,
				9FD8E99B1B4266EF00AA5C04 /* Release */,
			);
			defaultConfigurationIsVisible = 0;
			defaultConfigurationName = Release;
		};
		9FD8E99C1B4266EF00AA5C04 /* Build configuration list for PBXNativeTarget "Emu" */ = {
			isa = XCConfigurationList;
			buildConfigurations = (
				9FD8E99D1B4266EF00AA5C04 /* Debug */,
				9FD8E99E1B4266EF00AA5C04 /* Release */,
			);
			defaultConfigurationIsVisible = 0;
			defaultConfigurationName = Release;
		};
/* End XCConfigurationList section */
	};
	rootObject = 9FD8E98D1B4266EF00AA5C04 /* Project object */;
}
